// !$*UTF8*$!
{
	archiveVersion = 1;
	classes = {
	};
	objectVersion = 50;
	objects = {

/* Begin PBXBuildFile section */
		9AD1078C2561A6A500A3CEA6 /* AppDelegate.swift in Sources */ = {isa = PBXBuildFile; fileRef = 9AD1078B2561A6A500A3CEA6 /* AppDelegate.swift */; };
		9AD1078E2561A6A500A3CEA6 /* GameScene.sks in Resources */ = {isa = PBXBuildFile; fileRef = 9AD1078D2561A6A500A3CEA6 /* GameScene.sks */; };
		9AD107902561A6A500A3CEA6 /* Actions.sks in Resources */ = {isa = PBXBuildFile; fileRef = 9AD1078F2561A6A500A3CEA6 /* Actions.sks */; };
		9AD107922561A6A500A3CEA6 /* GameScene.swift in Sources */ = {isa = PBXBuildFile; fileRef = 9AD107912561A6A500A3CEA6 /* GameScene.swift */; };
		9AD107942561A6A500A3CEA6 /* GameViewController.swift in Sources */ = {isa = PBXBuildFile; fileRef = 9AD107932561A6A500A3CEA6 /* GameViewController.swift */; };
		9AD107972561A6A500A3CEA6 /* Main.storyboard in Resources */ = {isa = PBXBuildFile; fileRef = 9AD107952561A6A500A3CEA6 /* Main.storyboard */; };
		9AD107992561A6A700A3CEA6 /* Assets.xcassets in Resources */ = {isa = PBXBuildFile; fileRef = 9AD107982561A6A700A3CEA6 /* Assets.xcassets */; };
		9AD107A42561A6A700A3CEA6 /* GoBobbyTests.swift in Sources */ = {isa = PBXBuildFile; fileRef = 9AD107A32561A6A700A3CEA6 /* GoBobbyTests.swift */; };
		9AD107AF2561A6A700A3CEA6 /* GoBobbyUITests.swift in Sources */ = {isa = PBXBuildFile; fileRef = 9AD107AE2561A6A700A3CEA6 /* GoBobbyUITests.swift */; };
		9AD107C62561E15500A3CEA6 /* Grid.swift in Sources */ = {isa = PBXBuildFile; fileRef = 9AD107C52561E15500A3CEA6 /* Grid.swift */; };
		9AD107E22562890300A3CEA6 /* Player.swift in Sources */ = {isa = PBXBuildFile; fileRef = 9AD107E12562890300A3CEA6 /* Player.swift */; };
		9AD107F025628E1F00A3CEA6 /* L1.swift in Sources */ = {isa = PBXBuildFile; fileRef = 9AD107EF25628E1F00A3CEA6 /* L1.swift */; };
		9AD107F525628E6000A3CEA6 /* Block.swift in Sources */ = {isa = PBXBuildFile; fileRef = 9AD107F425628E6000A3CEA6 /* Block.swift */; };
		9AD10802256292F000A3CEA6 /* LevelProtocol.swift in Sources */ = {isa = PBXBuildFile; fileRef = 9AD10801256292F000A3CEA6 /* LevelProtocol.swift */; };
		9AD1080A2562EC9500A3CEA6 /* Errors.swift in Sources */ = {isa = PBXBuildFile; fileRef = 9AD108092562EC9500A3CEA6 /* Errors.swift */; };
		9AD1080F2562EFD500A3CEA6 /* GameLogic.swift in Sources */ = {isa = PBXBuildFile; fileRef = 9AD1080E2562EFD500A3CEA6 /* GameLogic.swift */; };
		9AD1081425640E4900A3CEA6 /* L2.swift in Sources */ = {isa = PBXBuildFile; fileRef = 9AD1081325640E4900A3CEA6 /* L2.swift */; };
		9AD1081925640FCF00A3CEA6 /* L3.swift in Sources */ = {isa = PBXBuildFile; fileRef = 9AD1081825640FCF00A3CEA6 /* L3.swift */; };
		9AD108252564183F00A3CEA6 /* background_music.mp3 in Resources */ = {isa = PBXBuildFile; fileRef = 9AD108242564183F00A3CEA6 /* background_music.mp3 */; };
		9AD1082A25641BE900A3CEA6 /* L4.swift in Sources */ = {isa = PBXBuildFile; fileRef = 9AD1082925641BE900A3CEA6 /* L4.swift */; };
		9AD1082F25641F1300A3CEA6 /* L5.swift in Sources */ = {isa = PBXBuildFile; fileRef = 9AD1082E25641F1300A3CEA6 /* L5.swift */; };
		9AD1083425641FE500A3CEA6 /* L6.swift in Sources */ = {isa = PBXBuildFile; fileRef = 9AD1083325641FE500A3CEA6 /* L6.swift */; };
		9AD108392564222400A3CEA6 /* L7.swift in Sources */ = {isa = PBXBuildFile; fileRef = 9AD108382564222400A3CEA6 /* L7.swift */; };
		9AD1083E2564248B00A3CEA6 /* L8.swift in Sources */ = {isa = PBXBuildFile; fileRef = 9AD1083D2564248B00A3CEA6 /* L8.swift */; };
		9AD1084325642AA400A3CEA6 /* L9.swift in Sources */ = {isa = PBXBuildFile; fileRef = 9AD1084225642AA400A3CEA6 /* L9.swift */; };
		9AD1084825642C4400A3CEA6 /* L10.swift in Sources */ = {isa = PBXBuildFile; fileRef = 9AD1084725642C4300A3CEA6 /* L10.swift */; };
		9AD1084D25642D9300A3CEA6 /* L11.swift in Sources */ = {isa = PBXBuildFile; fileRef = 9AD1084C25642D9300A3CEA6 /* L11.swift */; };
		9AD108522564361900A3CEA6 /* L12.swift in Sources */ = {isa = PBXBuildFile; fileRef = 9AD108512564361900A3CEA6 /* L12.swift */; };
		9AD108572564377F00A3CEA6 /* L13.swift in Sources */ = {isa = PBXBuildFile; fileRef = 9AD108562564377F00A3CEA6 /* L13.swift */; };
		9AD1085C2564393000A3CEA6 /* L14.swift in Sources */ = {isa = PBXBuildFile; fileRef = 9AD1085B2564393000A3CEA6 /* L14.swift */; };
		9AD1086125643BCA00A3CEA6 /* L15.swift in Sources */ = {isa = PBXBuildFile; fileRef = 9AD1086025643BCA00A3CEA6 /* L15.swift */; };
		9AD108662564415F00A3CEA6 /* L16.swift in Sources */ = {isa = PBXBuildFile; fileRef = 9AD108652564415F00A3CEA6 /* L16.swift */; };
		9AD1086B2564430900A3CEA6 /* L17.swift in Sources */ = {isa = PBXBuildFile; fileRef = 9AD1086A2564430900A3CEA6 /* L17.swift */; };
		9AD108702564448E00A3CEA6 /* L18.swift in Sources */ = {isa = PBXBuildFile; fileRef = 9AD1086F2564448E00A3CEA6 /* L18.swift */; };
		9AD108752564477800A3CEA6 /* L19.swift in Sources */ = {isa = PBXBuildFile; fileRef = 9AD108742564477800A3CEA6 /* L19.swift */; };
		9AD1087A256447A100A3CEA6 /* L20.swift in Sources */ = {isa = PBXBuildFile; fileRef = 9AD10879256447A100A3CEA6 /* L20.swift */; };
		9AD1088325644F5700A3CEA6 /* Repository.swift in Sources */ = {isa = PBXBuildFile; fileRef = 9AD1088225644F5700A3CEA6 /* Repository.swift */; };
/* End PBXBuildFile section */

/* Begin PBXContainerItemProxy section */
		9AD107A02561A6A700A3CEA6 /* PBXContainerItemProxy */ = {
			isa = PBXContainerItemProxy;
			containerPortal = 9AD107802561A6A500A3CEA6 /* Project object */;
			proxyType = 1;
			remoteGlobalIDString = 9AD107872561A6A500A3CEA6;
			remoteInfo = GoBobby;
		};
		9AD107AB2561A6A700A3CEA6 /* PBXContainerItemProxy */ = {
			isa = PBXContainerItemProxy;
			containerPortal = 9AD107802561A6A500A3CEA6 /* Project object */;
			proxyType = 1;
			remoteGlobalIDString = 9AD107872561A6A500A3CEA6;
			remoteInfo = GoBobby;
		};
/* End PBXContainerItemProxy section */

/* Begin PBXFileReference section */
		9AD107882561A6A500A3CEA6 /* GoBobby.app */ = {isa = PBXFileReference; explicitFileType = wrapper.application; includeInIndex = 0; path = GoBobby.app; sourceTree = BUILT_PRODUCTS_DIR; };
		9AD1078B2561A6A500A3CEA6 /* AppDelegate.swift */ = {isa = PBXFileReference; lastKnownFileType = sourcecode.swift; path = AppDelegate.swift; sourceTree = "<group>"; };
		9AD1078D2561A6A500A3CEA6 /* GameScene.sks */ = {isa = PBXFileReference; lastKnownFileType = file.sks; path = GameScene.sks; sourceTree = "<group>"; };
		9AD1078F2561A6A500A3CEA6 /* Actions.sks */ = {isa = PBXFileReference; lastKnownFileType = file.sks; path = Actions.sks; sourceTree = "<group>"; };
		9AD107912561A6A500A3CEA6 /* GameScene.swift */ = {isa = PBXFileReference; lastKnownFileType = sourcecode.swift; path = GameScene.swift; sourceTree = "<group>"; };
		9AD107932561A6A500A3CEA6 /* GameViewController.swift */ = {isa = PBXFileReference; lastKnownFileType = sourcecode.swift; path = GameViewController.swift; sourceTree = "<group>"; };
		9AD107962561A6A500A3CEA6 /* Base */ = {isa = PBXFileReference; lastKnownFileType = file.storyboard; name = Base; path = Base.lproj/Main.storyboard; sourceTree = "<group>"; };
		9AD107982561A6A700A3CEA6 /* Assets.xcassets */ = {isa = PBXFileReference; lastKnownFileType = folder.assetcatalog; path = Assets.xcassets; sourceTree = "<group>"; };
		9AD1079A2561A6A700A3CEA6 /* Info.plist */ = {isa = PBXFileReference; lastKnownFileType = text.plist.xml; path = Info.plist; sourceTree = "<group>"; };
		9AD1079F2561A6A700A3CEA6 /* GoBobbyTests.xctest */ = {isa = PBXFileReference; explicitFileType = wrapper.cfbundle; includeInIndex = 0; path = GoBobbyTests.xctest; sourceTree = BUILT_PRODUCTS_DIR; };
		9AD107A32561A6A700A3CEA6 /* GoBobbyTests.swift */ = {isa = PBXFileReference; lastKnownFileType = sourcecode.swift; path = GoBobbyTests.swift; sourceTree = "<group>"; };
		9AD107A52561A6A700A3CEA6 /* Info.plist */ = {isa = PBXFileReference; lastKnownFileType = text.plist.xml; path = Info.plist; sourceTree = "<group>"; };
		9AD107AA2561A6A700A3CEA6 /* GoBobbyUITests.xctest */ = {isa = PBXFileReference; explicitFileType = wrapper.cfbundle; includeInIndex = 0; path = GoBobbyUITests.xctest; sourceTree = BUILT_PRODUCTS_DIR; };
		9AD107AE2561A6A700A3CEA6 /* GoBobbyUITests.swift */ = {isa = PBXFileReference; lastKnownFileType = sourcecode.swift; path = GoBobbyUITests.swift; sourceTree = "<group>"; };
		9AD107B02561A6A700A3CEA6 /* Info.plist */ = {isa = PBXFileReference; lastKnownFileType = text.plist.xml; path = Info.plist; sourceTree = "<group>"; };
		9AD107C52561E15500A3CEA6 /* Grid.swift */ = {isa = PBXFileReference; lastKnownFileType = sourcecode.swift; path = Grid.swift; sourceTree = "<group>"; };
		9AD107E12562890300A3CEA6 /* Player.swift */ = {isa = PBXFileReference; lastKnownFileType = sourcecode.swift; path = Player.swift; sourceTree = "<group>"; };
		9AD107EF25628E1F00A3CEA6 /* L1.swift */ = {isa = PBXFileReference; lastKnownFileType = sourcecode.swift; path = L1.swift; sourceTree = "<group>"; };
		9AD107F425628E6000A3CEA6 /* Block.swift */ = {isa = PBXFileReference; lastKnownFileType = sourcecode.swift; path = Block.swift; sourceTree = "<group>"; };
		9AD10801256292F000A3CEA6 /* LevelProtocol.swift */ = {isa = PBXFileReference; lastKnownFileType = sourcecode.swift; path = LevelProtocol.swift; sourceTree = "<group>"; };
		9AD108092562EC9500A3CEA6 /* Errors.swift */ = {isa = PBXFileReference; lastKnownFileType = sourcecode.swift; path = Errors.swift; sourceTree = "<group>"; };
		9AD1080E2562EFD500A3CEA6 /* GameLogic.swift */ = {isa = PBXFileReference; lastKnownFileType = sourcecode.swift; path = GameLogic.swift; sourceTree = "<group>"; };
		9AD1081325640E4900A3CEA6 /* L2.swift */ = {isa = PBXFileReference; lastKnownFileType = sourcecode.swift; path = L2.swift; sourceTree = "<group>"; };
		9AD1081825640FCF00A3CEA6 /* L3.swift */ = {isa = PBXFileReference; lastKnownFileType = sourcecode.swift; path = L3.swift; sourceTree = "<group>"; };
		9AD108242564183F00A3CEA6 /* background_music.mp3 */ = {isa = PBXFileReference; lastKnownFileType = audio.mp3; path = background_music.mp3; sourceTree = "<group>"; };
		9AD1082925641BE900A3CEA6 /* L4.swift */ = {isa = PBXFileReference; lastKnownFileType = sourcecode.swift; path = L4.swift; sourceTree = "<group>"; };
		9AD1082E25641F1300A3CEA6 /* L5.swift */ = {isa = PBXFileReference; lastKnownFileType = sourcecode.swift; path = L5.swift; sourceTree = "<group>"; };
		9AD1083325641FE500A3CEA6 /* L6.swift */ = {isa = PBXFileReference; lastKnownFileType = sourcecode.swift; path = L6.swift; sourceTree = "<group>"; };
		9AD108382564222400A3CEA6 /* L7.swift */ = {isa = PBXFileReference; lastKnownFileType = sourcecode.swift; path = L7.swift; sourceTree = "<group>"; };
		9AD1083D2564248B00A3CEA6 /* L8.swift */ = {isa = PBXFileReference; lastKnownFileType = sourcecode.swift; path = L8.swift; sourceTree = "<group>"; };
		9AD1084225642AA400A3CEA6 /* L9.swift */ = {isa = PBXFileReference; lastKnownFileType = sourcecode.swift; path = L9.swift; sourceTree = "<group>"; };
		9AD1084725642C4300A3CEA6 /* L10.swift */ = {isa = PBXFileReference; lastKnownFileType = sourcecode.swift; path = L10.swift; sourceTree = "<group>"; };
		9AD1084C25642D9300A3CEA6 /* L11.swift */ = {isa = PBXFileReference; lastKnownFileType = sourcecode.swift; path = L11.swift; sourceTree = "<group>"; };
		9AD108512564361900A3CEA6 /* L12.swift */ = {isa = PBXFileReference; lastKnownFileType = sourcecode.swift; path = L12.swift; sourceTree = "<group>"; };
		9AD108562564377F00A3CEA6 /* L13.swift */ = {isa = PBXFileReference; lastKnownFileType = sourcecode.swift; path = L13.swift; sourceTree = "<group>"; };
		9AD1085B2564393000A3CEA6 /* L14.swift */ = {isa = PBXFileReference; lastKnownFileType = sourcecode.swift; path = L14.swift; sourceTree = "<group>"; };
		9AD1086025643BCA00A3CEA6 /* L15.swift */ = {isa = PBXFileReference; lastKnownFileType = sourcecode.swift; path = L15.swift; sourceTree = "<group>"; };
		9AD108652564415F00A3CEA6 /* L16.swift */ = {isa = PBXFileReference; lastKnownFileType = sourcecode.swift; path = L16.swift; sourceTree = "<group>"; };
		9AD1086A2564430900A3CEA6 /* L17.swift */ = {isa = PBXFileReference; lastKnownFileType = sourcecode.swift; path = L17.swift; sourceTree = "<group>"; };
		9AD1086F2564448E00A3CEA6 /* L18.swift */ = {isa = PBXFileReference; lastKnownFileType = sourcecode.swift; path = L18.swift; sourceTree = "<group>"; };
		9AD108742564477800A3CEA6 /* L19.swift */ = {isa = PBXFileReference; lastKnownFileType = sourcecode.swift; path = L19.swift; sourceTree = "<group>"; };
		9AD10879256447A100A3CEA6 /* L20.swift */ = {isa = PBXFileReference; lastKnownFileType = sourcecode.swift; path = L20.swift; sourceTree = "<group>"; };
		9AD1088225644F5700A3CEA6 /* Repository.swift */ = {isa = PBXFileReference; lastKnownFileType = sourcecode.swift; path = Repository.swift; sourceTree = "<group>"; };
/* End PBXFileReference section */

/* Begin PBXFrameworksBuildPhase section */
		9AD107852561A6A500A3CEA6 /* Frameworks */ = {
			isa = PBXFrameworksBuildPhase;
			buildActionMask = 2147483647;
			files = (
			);
			runOnlyForDeploymentPostprocessing = 0;
		};
		9AD1079C2561A6A700A3CEA6 /* Frameworks */ = {
			isa = PBXFrameworksBuildPhase;
			buildActionMask = 2147483647;
			files = (
			);
			runOnlyForDeploymentPostprocessing = 0;
		};
		9AD107A72561A6A700A3CEA6 /* Frameworks */ = {
			isa = PBXFrameworksBuildPhase;
			buildActionMask = 2147483647;
			files = (
			);
			runOnlyForDeploymentPostprocessing = 0;
		};
/* End PBXFrameworksBuildPhase section */

/* Begin PBXGroup section */
		9AD1077F2561A6A500A3CEA6 = {
			isa = PBXGroup;
			children = (
				9AD1078A2561A6A500A3CEA6 /* GoBobby */,
				9AD107A22561A6A700A3CEA6 /* GoBobbyTests */,
				9AD107AD2561A6A700A3CEA6 /* GoBobbyUITests */,
				9AD107892561A6A500A3CEA6 /* Products */,
			);
			sourceTree = "<group>";
		};
		9AD107892561A6A500A3CEA6 /* Products */ = {
			isa = PBXGroup;
			children = (
				9AD107882561A6A500A3CEA6 /* GoBobby.app */,
				9AD1079F2561A6A700A3CEA6 /* GoBobbyTests.xctest */,
				9AD107AA2561A6A700A3CEA6 /* GoBobbyUITests.xctest */,
			);
			name = Products;
			sourceTree = "<group>";
		};
		9AD1078A2561A6A500A3CEA6 /* GoBobby */ = {
			isa = PBXGroup;
			children = (
				9AD1087E25644E5A00A3CEA6 /* Scenes */,
				9AD1081E256417F900A3CEA6 /* Sounds */,
				9AD107E625628DF300A3CEA6 /* Levels */,
				9AD107CD2562886F00A3CEA6 /* Models */,
				9AD1078B2561A6A500A3CEA6 /* AppDelegate.swift */,
				9AD1078D2561A6A500A3CEA6 /* GameScene.sks */,
				9AD1078F2561A6A500A3CEA6 /* Actions.sks */,
				9AD107932561A6A500A3CEA6 /* GameViewController.swift */,
				9AD107952561A6A500A3CEA6 /* Main.storyboard */,
				9AD107982561A6A700A3CEA6 /* Assets.xcassets */,
				9AD1079A2561A6A700A3CEA6 /* Info.plist */,
			);
			path = GoBobby;
			sourceTree = "<group>";
		};
		9AD107A22561A6A700A3CEA6 /* GoBobbyTests */ = {
			isa = PBXGroup;
			children = (
				9AD107A32561A6A700A3CEA6 /* GoBobbyTests.swift */,
				9AD107A52561A6A700A3CEA6 /* Info.plist */,
			);
			path = GoBobbyTests;
			sourceTree = "<group>";
		};
		9AD107AD2561A6A700A3CEA6 /* GoBobbyUITests */ = {
			isa = PBXGroup;
			children = (
				9AD107AE2561A6A700A3CEA6 /* GoBobbyUITests.swift */,
				9AD107B02561A6A700A3CEA6 /* Info.plist */,
			);
			path = GoBobbyUITests;
			sourceTree = "<group>";
		};
		9AD107CD2562886F00A3CEA6 /* Models */ = {
			isa = PBXGroup;
			children = (
				9AD107C52561E15500A3CEA6 /* Grid.swift */,
				9AD107E12562890300A3CEA6 /* Player.swift */,
				9AD107F425628E6000A3CEA6 /* Block.swift */,
				9AD108092562EC9500A3CEA6 /* Errors.swift */,
				9AD1080E2562EFD500A3CEA6 /* GameLogic.swift */,
				9AD1088225644F5700A3CEA6 /* Repository.swift */,
			);
			path = Models;
			sourceTree = "<group>";
		};
		9AD107E625628DF300A3CEA6 /* Levels */ = {
			isa = PBXGroup;
			children = (
				9AD107EF25628E1F00A3CEA6 /* L1.swift */,
				9AD10801256292F000A3CEA6 /* LevelProtocol.swift */,
				9AD1081325640E4900A3CEA6 /* L2.swift */,
				9AD1081825640FCF00A3CEA6 /* L3.swift */,
				9AD1082925641BE900A3CEA6 /* L4.swift */,
				9AD1082E25641F1300A3CEA6 /* L5.swift */,
				9AD1083325641FE500A3CEA6 /* L6.swift */,
				9AD108382564222400A3CEA6 /* L7.swift */,
				9AD1083D2564248B00A3CEA6 /* L8.swift */,
				9AD1084225642AA400A3CEA6 /* L9.swift */,
				9AD1084725642C4300A3CEA6 /* L10.swift */,
				9AD1084C25642D9300A3CEA6 /* L11.swift */,
				9AD108512564361900A3CEA6 /* L12.swift */,
				9AD108562564377F00A3CEA6 /* L13.swift */,
				9AD1085B2564393000A3CEA6 /* L14.swift */,
				9AD1086025643BCA00A3CEA6 /* L15.swift */,
				9AD108652564415F00A3CEA6 /* L16.swift */,
				9AD1086A2564430900A3CEA6 /* L17.swift */,
				9AD1086F2564448E00A3CEA6 /* L18.swift */,
				9AD108742564477800A3CEA6 /* L19.swift */,
				9AD10879256447A100A3CEA6 /* L20.swift */,
			);
			path = Levels;
			sourceTree = "<group>";
		};
		9AD1081E256417F900A3CEA6 /* Sounds */ = {
			isa = PBXGroup;
			children = (
				9AD108242564183F00A3CEA6 /* background_music.mp3 */,
			);
			path = Sounds;
			sourceTree = "<group>";
		};
		9AD1087E25644E5A00A3CEA6 /* Scenes */ = {
			isa = PBXGroup;
			children = (
				9AD107912561A6A500A3CEA6 /* GameScene.swift */,
			);
			path = Scenes;
			sourceTree = "<group>";
		};
/* End PBXGroup section */

/* Begin PBXNativeTarget section */
		9AD107872561A6A500A3CEA6 /* GoBobby */ = {
			isa = PBXNativeTarget;
			buildConfigurationList = 9AD107B32561A6A700A3CEA6 /* Build configuration list for PBXNativeTarget "GoBobby" */;
			buildPhases = (
				9AD107842561A6A500A3CEA6 /* Sources */,
				9AD107852561A6A500A3CEA6 /* Frameworks */,
				9AD107862561A6A500A3CEA6 /* Resources */,
			);
			buildRules = (
			);
			dependencies = (
			);
			name = GoBobby;
			productName = GoBobby;
			productReference = 9AD107882561A6A500A3CEA6 /* GoBobby.app */;
			productType = "com.apple.product-type.application";
		};
		9AD1079E2561A6A700A3CEA6 /* GoBobbyTests */ = {
			isa = PBXNativeTarget;
			buildConfigurationList = 9AD107B62561A6A700A3CEA6 /* Build configuration list for PBXNativeTarget "GoBobbyTests" */;
			buildPhases = (
				9AD1079B2561A6A700A3CEA6 /* Sources */,
				9AD1079C2561A6A700A3CEA6 /* Frameworks */,
				9AD1079D2561A6A700A3CEA6 /* Resources */,
			);
			buildRules = (
			);
			dependencies = (
				9AD107A12561A6A700A3CEA6 /* PBXTargetDependency */,
			);
			name = GoBobbyTests;
			productName = GoBobbyTests;
			productReference = 9AD1079F2561A6A700A3CEA6 /* GoBobbyTests.xctest */;
			productType = "com.apple.product-type.bundle.unit-test";
		};
		9AD107A92561A6A700A3CEA6 /* GoBobbyUITests */ = {
			isa = PBXNativeTarget;
			buildConfigurationList = 9AD107B92561A6A700A3CEA6 /* Build configuration list for PBXNativeTarget "GoBobbyUITests" */;
			buildPhases = (
				9AD107A62561A6A700A3CEA6 /* Sources */,
				9AD107A72561A6A700A3CEA6 /* Frameworks */,
				9AD107A82561A6A700A3CEA6 /* Resources */,
			);
			buildRules = (
			);
			dependencies = (
				9AD107AC2561A6A700A3CEA6 /* PBXTargetDependency */,
			);
			name = GoBobbyUITests;
			productName = GoBobbyUITests;
			productReference = 9AD107AA2561A6A700A3CEA6 /* GoBobbyUITests.xctest */;
			productType = "com.apple.product-type.bundle.ui-testing";
		};
/* End PBXNativeTarget section */

/* Begin PBXProject section */
		9AD107802561A6A500A3CEA6 /* Project object */ = {
			isa = PBXProject;
			attributes = {
				LastSwiftUpdateCheck = 1220;
				LastUpgradeCheck = 1220;
				TargetAttributes = {
					9AD107872561A6A500A3CEA6 = {
						CreatedOnToolsVersion = 12.2;
					};
					9AD1079E2561A6A700A3CEA6 = {
						CreatedOnToolsVersion = 12.2;
						TestTargetID = 9AD107872561A6A500A3CEA6;
					};
					9AD107A92561A6A700A3CEA6 = {
						CreatedOnToolsVersion = 12.2;
						TestTargetID = 9AD107872561A6A500A3CEA6;
					};
				};
			};
			buildConfigurationList = 9AD107832561A6A500A3CEA6 /* Build configuration list for PBXProject "GoBobby" */;
			compatibilityVersion = "Xcode 9.3";
			developmentRegion = en;
			hasScannedForEncodings = 0;
			knownRegions = (
				en,
				Base,
			);
			mainGroup = 9AD1077F2561A6A500A3CEA6;
			productRefGroup = 9AD107892561A6A500A3CEA6 /* Products */;
			projectDirPath = "";
			projectRoot = "";
			targets = (
				9AD107872561A6A500A3CEA6 /* GoBobby */,
				9AD1079E2561A6A700A3CEA6 /* GoBobbyTests */,
				9AD107A92561A6A700A3CEA6 /* GoBobbyUITests */,
			);
		};
/* End PBXProject section */

/* Begin PBXResourcesBuildPhase section */
		9AD107862561A6A500A3CEA6 /* Resources */ = {
			isa = PBXResourcesBuildPhase;
			buildActionMask = 2147483647;
			files = (
				9AD108252564183F00A3CEA6 /* background_music.mp3 in Resources */,
				9AD107972561A6A500A3CEA6 /* Main.storyboard in Resources */,
				9AD1078E2561A6A500A3CEA6 /* GameScene.sks in Resources */,
				9AD107992561A6A700A3CEA6 /* Assets.xcassets in Resources */,
				9AD107902561A6A500A3CEA6 /* Actions.sks in Resources */,
			);
			runOnlyForDeploymentPostprocessing = 0;
		};
		9AD1079D2561A6A700A3CEA6 /* Resources */ = {
			isa = PBXResourcesBuildPhase;
			buildActionMask = 2147483647;
			files = (
			);
			runOnlyForDeploymentPostprocessing = 0;
		};
		9AD107A82561A6A700A3CEA6 /* Resources */ = {
			isa = PBXResourcesBuildPhase;
			buildActionMask = 2147483647;
			files = (
			);
			runOnlyForDeploymentPostprocessing = 0;
		};
/* End PBXResourcesBuildPhase section */

/* Begin PBXSourcesBuildPhase section */
		9AD107842561A6A500A3CEA6 /* Sources */ = {
			isa = PBXSourcesBuildPhase;
			buildActionMask = 2147483647;
			files = (
				9AD1081425640E4900A3CEA6 /* L2.swift in Sources */,
				9AD10802256292F000A3CEA6 /* LevelProtocol.swift in Sources */,
				9AD1084325642AA400A3CEA6 /* L9.swift in Sources */,
				9AD1081925640FCF00A3CEA6 /* L3.swift in Sources */,
				9AD107922561A6A500A3CEA6 /* GameScene.swift in Sources */,
				9AD1082F25641F1300A3CEA6 /* L5.swift in Sources */,
				9AD1083E2564248B00A3CEA6 /* L8.swift in Sources */,
				9AD107F525628E6000A3CEA6 /* Block.swift in Sources */,
				9AD108392564222400A3CEA6 /* L7.swift in Sources */,
				9AD108662564415F00A3CEA6 /* L16.swift in Sources */,
				9AD108752564477800A3CEA6 /* L19.swift in Sources */,
				9AD107942561A6A500A3CEA6 /* GameViewController.swift in Sources */,
				9AD108522564361900A3CEA6 /* L12.swift in Sources */,
				9AD1084825642C4400A3CEA6 /* L10.swift in Sources */,
				9AD1082A25641BE900A3CEA6 /* L4.swift in Sources */,
				9AD1085C2564393000A3CEA6 /* L14.swift in Sources */,
				9AD1083425641FE500A3CEA6 /* L6.swift in Sources */,
				9AD1088325644F5700A3CEA6 /* Repository.swift in Sources */,
				9AD1086B2564430900A3CEA6 /* L17.swift in Sources */,
				9AD107F025628E1F00A3CEA6 /* L1.swift in Sources */,
				9AD1084D25642D9300A3CEA6 /* L11.swift in Sources */,
				9AD1078C2561A6A500A3CEA6 /* AppDelegate.swift in Sources */,
				9AD107E22562890300A3CEA6 /* Player.swift in Sources */,
				9AD1087A256447A100A3CEA6 /* L20.swift in Sources */,
				9AD108572564377F00A3CEA6 /* L13.swift in Sources */,
				9AD1080A2562EC9500A3CEA6 /* Errors.swift in Sources */,
				9AD1080F2562EFD500A3CEA6 /* GameLogic.swift in Sources */,
				9AD1086125643BCA00A3CEA6 /* L15.swift in Sources */,
				9AD108702564448E00A3CEA6 /* L18.swift in Sources */,
				9AD107C62561E15500A3CEA6 /* Grid.swift in Sources */,
			);
			runOnlyForDeploymentPostprocessing = 0;
		};
		9AD1079B2561A6A700A3CEA6 /* Sources */ = {
			isa = PBXSourcesBuildPhase;
			buildActionMask = 2147483647;
			files = (
				9AD107A42561A6A700A3CEA6 /* GoBobbyTests.swift in Sources */,
			);
			runOnlyForDeploymentPostprocessing = 0;
		};
		9AD107A62561A6A700A3CEA6 /* Sources */ = {
			isa = PBXSourcesBuildPhase;
			buildActionMask = 2147483647;
			files = (
				9AD107AF2561A6A700A3CEA6 /* GoBobbyUITests.swift in Sources */,
			);
			runOnlyForDeploymentPostprocessing = 0;
		};
/* End PBXSourcesBuildPhase section */

/* Begin PBXTargetDependency section */
		9AD107A12561A6A700A3CEA6 /* PBXTargetDependency */ = {
			isa = PBXTargetDependency;
			target = 9AD107872561A6A500A3CEA6 /* GoBobby */;
			targetProxy = 9AD107A02561A6A700A3CEA6 /* PBXContainerItemProxy */;
		};
		9AD107AC2561A6A700A3CEA6 /* PBXTargetDependency */ = {
			isa = PBXTargetDependency;
			target = 9AD107872561A6A500A3CEA6 /* GoBobby */;
			targetProxy = 9AD107AB2561A6A700A3CEA6 /* PBXContainerItemProxy */;
		};
/* End PBXTargetDependency section */

/* Begin PBXVariantGroup section */
		9AD107952561A6A500A3CEA6 /* Main.storyboard */ = {
			isa = PBXVariantGroup;
			children = (
				9AD107962561A6A500A3CEA6 /* Base */,
			);
			name = Main.storyboard;
			sourceTree = "<group>";
		};
/* End PBXVariantGroup section */

/* Begin XCBuildConfiguration section */
		9AD107B12561A6A700A3CEA6 /* Debug */ = {
			isa = XCBuildConfiguration;
			buildSettings = {
				ALWAYS_SEARCH_USER_PATHS = NO;
				CLANG_ANALYZER_NONNULL = YES;
				CLANG_ANALYZER_NUMBER_OBJECT_CONVERSION = YES_AGGRESSIVE;
				CLANG_CXX_LANGUAGE_STANDARD = "gnu++14";
				CLANG_CXX_LIBRARY = "libc++";
				CLANG_ENABLE_MODULES = YES;
				CLANG_ENABLE_OBJC_ARC = YES;
				CLANG_ENABLE_OBJC_WEAK = YES;
				CLANG_WARN_BLOCK_CAPTURE_AUTORELEASING = YES;
				CLANG_WARN_BOOL_CONVERSION = YES;
				CLANG_WARN_COMMA = YES;
				CLANG_WARN_CONSTANT_CONVERSION = YES;
				CLANG_WARN_DEPRECATED_OBJC_IMPLEMENTATIONS = YES;
				CLANG_WARN_DIRECT_OBJC_ISA_USAGE = YES_ERROR;
				CLANG_WARN_DOCUMENTATION_COMMENTS = YES;
				CLANG_WARN_EMPTY_BODY = YES;
				CLANG_WARN_ENUM_CONVERSION = YES;
				CLANG_WARN_INFINITE_RECURSION = YES;
				CLANG_WARN_INT_CONVERSION = YES;
				CLANG_WARN_NON_LITERAL_NULL_CONVERSION = YES;
				CLANG_WARN_OBJC_IMPLICIT_RETAIN_SELF = YES;
				CLANG_WARN_OBJC_LITERAL_CONVERSION = YES;
				CLANG_WARN_OBJC_ROOT_CLASS = YES_ERROR;
				CLANG_WARN_QUOTED_INCLUDE_IN_FRAMEWORK_HEADER = YES;
				CLANG_WARN_RANGE_LOOP_ANALYSIS = YES;
				CLANG_WARN_STRICT_PROTOTYPES = YES;
				CLANG_WARN_SUSPICIOUS_MOVE = YES;
				CLANG_WARN_UNGUARDED_AVAILABILITY = YES_AGGRESSIVE;
				CLANG_WARN_UNREACHABLE_CODE = YES;
				CLANG_WARN__DUPLICATE_METHOD_MATCH = YES;
				COPY_PHASE_STRIP = NO;
				DEBUG_INFORMATION_FORMAT = dwarf;
				ENABLE_STRICT_OBJC_MSGSEND = YES;
				ENABLE_TESTABILITY = YES;
				GCC_C_LANGUAGE_STANDARD = gnu11;
				GCC_DYNAMIC_NO_PIC = NO;
				GCC_NO_COMMON_BLOCKS = YES;
				GCC_OPTIMIZATION_LEVEL = 0;
				GCC_PREPROCESSOR_DEFINITIONS = (
					"DEBUG=1",
					"$(inherited)",
				);
				GCC_WARN_64_TO_32_BIT_CONVERSION = YES;
				GCC_WARN_ABOUT_RETURN_TYPE = YES_ERROR;
				GCC_WARN_UNDECLARED_SELECTOR = YES;
				GCC_WARN_UNINITIALIZED_AUTOS = YES_AGGRESSIVE;
				GCC_WARN_UNUSED_FUNCTION = YES;
				GCC_WARN_UNUSED_VARIABLE = YES;
				IPHONEOS_DEPLOYMENT_TARGET = 14.2;
				MTL_ENABLE_DEBUG_INFO = INCLUDE_SOURCE;
				MTL_FAST_MATH = YES;
				ONLY_ACTIVE_ARCH = YES;
				SDKROOT = iphoneos;
				SWIFT_ACTIVE_COMPILATION_CONDITIONS = DEBUG;
				SWIFT_OPTIMIZATION_LEVEL = "-Onone";
			};
			name = Debug;
		};
		9AD107B22561A6A700A3CEA6 /* Release */ = {
			isa = XCBuildConfiguration;
			buildSettings = {
				ALWAYS_SEARCH_USER_PATHS = NO;
				CLANG_ANALYZER_NONNULL = YES;
				CLANG_ANALYZER_NUMBER_OBJECT_CONVERSION = YES_AGGRESSIVE;
				CLANG_CXX_LANGUAGE_STANDARD = "gnu++14";
				CLANG_CXX_LIBRARY = "libc++";
				CLANG_ENABLE_MODULES = YES;
				CLANG_ENABLE_OBJC_ARC = YES;
				CLANG_ENABLE_OBJC_WEAK = YES;
				CLANG_WARN_BLOCK_CAPTURE_AUTORELEASING = YES;
				CLANG_WARN_BOOL_CONVERSION = YES;
				CLANG_WARN_COMMA = YES;
				CLANG_WARN_CONSTANT_CONVERSION = YES;
				CLANG_WARN_DEPRECATED_OBJC_IMPLEMENTATIONS = YES;
				CLANG_WARN_DIRECT_OBJC_ISA_USAGE = YES_ERROR;
				CLANG_WARN_DOCUMENTATION_COMMENTS = YES;
				CLANG_WARN_EMPTY_BODY = YES;
				CLANG_WARN_ENUM_CONVERSION = YES;
				CLANG_WARN_INFINITE_RECURSION = YES;
				CLANG_WARN_INT_CONVERSION = YES;
				CLANG_WARN_NON_LITERAL_NULL_CONVERSION = YES;
				CLANG_WARN_OBJC_IMPLICIT_RETAIN_SELF = YES;
				CLANG_WARN_OBJC_LITERAL_CONVERSION = YES;
				CLANG_WARN_OBJC_ROOT_CLASS = YES_ERROR;
				CLANG_WARN_QUOTED_INCLUDE_IN_FRAMEWORK_HEADER = YES;
				CLANG_WARN_RANGE_LOOP_ANALYSIS = YES;
				CLANG_WARN_STRICT_PROTOTYPES = YES;
				CLANG_WARN_SUSPICIOUS_MOVE = YES;
				CLANG_WARN_UNGUARDED_AVAILABILITY = YES_AGGRESSIVE;
				CLANG_WARN_UNREACHABLE_CODE = YES;
				CLANG_WARN__DUPLICATE_METHOD_MATCH = YES;
				COPY_PHASE_STRIP = NO;
				DEBUG_INFORMATION_FORMAT = "dwarf-with-dsym";
				ENABLE_NS_ASSERTIONS = NO;
				ENABLE_STRICT_OBJC_MSGSEND = YES;
				GCC_C_LANGUAGE_STANDARD = gnu11;
				GCC_NO_COMMON_BLOCKS = YES;
				GCC_WARN_64_TO_32_BIT_CONVERSION = YES;
				GCC_WARN_ABOUT_RETURN_TYPE = YES_ERROR;
				GCC_WARN_UNDECLARED_SELECTOR = YES;
				GCC_WARN_UNINITIALIZED_AUTOS = YES_AGGRESSIVE;
				GCC_WARN_UNUSED_FUNCTION = YES;
				GCC_WARN_UNUSED_VARIABLE = YES;
				IPHONEOS_DEPLOYMENT_TARGET = 14.2;
				MTL_ENABLE_DEBUG_INFO = NO;
				MTL_FAST_MATH = YES;
				SDKROOT = iphoneos;
				SWIFT_COMPILATION_MODE = wholemodule;
				SWIFT_OPTIMIZATION_LEVEL = "-O";
				VALIDATE_PRODUCT = YES;
			};
			name = Release;
		};
		9AD107B42561A6A700A3CEA6 /* Debug */ = {
			isa = XCBuildConfiguration;
			buildSettings = {
				ASSETCATALOG_COMPILER_APPICON_NAME = AppIcon;
				ASSETCATALOG_COMPILER_GLOBAL_ACCENT_COLOR_NAME = AccentColor;
				CODE_SIGN_STYLE = Automatic;
				DEVELOPMENT_TEAM = 6LY84D7U54;
				INFOPLIST_FILE = GoBobby/Info.plist;
				LD_RUNPATH_SEARCH_PATHS = (
					"$(inherited)",
					"@executable_path/Frameworks",
				);
				PRODUCT_BUNDLE_IDENTIFIER = hupiat.GoBobby;
				PRODUCT_NAME = "$(TARGET_NAME)";
				SWIFT_VERSION = 5.0;
				TARGETED_DEVICE_FAMILY = "1,2";
			};
			name = Debug;
		};
		9AD107B52561A6A700A3CEA6 /* Release */ = {
			isa = XCBuildConfiguration;
			buildSettings = {
				ASSETCATALOG_COMPILER_APPICON_NAME = AppIcon;
				ASSETCATALOG_COMPILER_GLOBAL_ACCENT_COLOR_NAME = AccentColor;
				CODE_SIGN_STYLE = Automatic;
				DEVELOPMENT_TEAM = 6LY84D7U54;
				INFOPLIST_FILE = GoBobby/Info.plist;
				LD_RUNPATH_SEARCH_PATHS = (
					"$(inherited)",
					"@executable_path/Frameworks",
				);
				PRODUCT_BUNDLE_IDENTIFIER = hupiat.GoBobby;
				PRODUCT_NAME = "$(TARGET_NAME)";
				SWIFT_VERSION = 5.0;
				TARGETED_DEVICE_FAMILY = "1,2";
			};
			name = Release;
		};
		9AD107B72561A6A700A3CEA6 /* Debug */ = {
			isa = XCBuildConfiguration;
			buildSettings = {
				ALWAYS_EMBED_SWIFT_STANDARD_LIBRARIES = YES;
				BUNDLE_LOADER = "$(TEST_HOST)";
				CODE_SIGN_STYLE = Automatic;
				INFOPLIST_FILE = GoBobbyTests/Info.plist;
				IPHONEOS_DEPLOYMENT_TARGET = 14.2;
				LD_RUNPATH_SEARCH_PATHS = (
					"$(inherited)",
					"@executable_path/Frameworks",
					"@loader_path/Frameworks",
				);
				PRODUCT_BUNDLE_IDENTIFIER = hupiat.GoBobbyTests;
				PRODUCT_NAME = "$(TARGET_NAME)";
				SWIFT_VERSION = 5.0;
				TARGETED_DEVICE_FAMILY = "1,2";
				TEST_HOST = "$(BUILT_PRODUCTS_DIR)/GoBobby.app/GoBobby";
			};
			name = Debug;
		};
		9AD107B82561A6A700A3CEA6 /* Release */ = {
			isa = XCBuildConfiguration;
			buildSettings = {
				ALWAYS_EMBED_SWIFT_STANDARD_LIBRARIES = YES;
				BUNDLE_LOADER = "$(TEST_HOST)";
				CODE_SIGN_STYLE = Automatic;
				INFOPLIST_FILE = GoBobbyTests/Info.plist;
				IPHONEOS_DEPLOYMENT_TARGET = 14.2;
				LD_RUNPATH_SEARCH_PATHS = (
					"$(inherited)",
					"@executable_path/Frameworks",
					"@loader_path/Frameworks",
				);
				PRODUCT_BUNDLE_IDENTIFIER = hupiat.GoBobbyTests;
				PRODUCT_NAME = "$(TARGET_NAME)";
				SWIFT_VERSION = 5.0;
				TARGETED_DEVICE_FAMILY = "1,2";
				TEST_HOST = "$(BUILT_PRODUCTS_DIR)/GoBobby.app/GoBobby";
			};
			name = Release;
		};
		9AD107BA2561A6A700A3CEA6 /* Debug */ = {
			isa = XCBuildConfiguration;
			buildSettings = {
				ALWAYS_EMBED_SWIFT_STANDARD_LIBRARIES = YES;
				CODE_SIGN_STYLE = Automatic;
				INFOPLIST_FILE = GoBobbyUITests/Info.plist;
				LD_RUNPATH_SEARCH_PATHS = (
					"$(inherited)",
					"@executable_path/Frameworks",
					"@loader_path/Frameworks",
				);
				PRODUCT_BUNDLE_IDENTIFIER = hupiat.GoBobbyUITests;
				PRODUCT_NAME = "$(TARGET_NAME)";
				SWIFT_VERSION = 5.0;
				TARGETED_DEVICE_FAMILY = "1,2";
				TEST_TARGET_NAME = GoBobby;
			};
			name = Debug;
		};
		9AD107BB2561A6A700A3CEA6 /* Release */ = {
			isa = XCBuildConfiguration;
			buildSettings = {
				ALWAYS_EMBED_SWIFT_STANDARD_LIBRARIES = YES;
				CODE_SIGN_STYLE = Automatic;
				INFOPLIST_FILE = GoBobbyUITests/Info.plist;
				LD_RUNPATH_SEARCH_PATHS = (
					"$(inherited)",
					"@executable_path/Frameworks",
					"@loader_path/Frameworks",
				);
				PRODUCT_BUNDLE_IDENTIFIER = hupiat.GoBobbyUITests;
				PRODUCT_NAME = "$(TARGET_NAME)";
				SWIFT_VERSION = 5.0;
				TARGETED_DEVICE_FAMILY = "1,2";
				TEST_TARGET_NAME = GoBobby;
			};
			name = Release;
		};
/* End XCBuildConfiguration section */

/* Begin XCConfigurationList section */
		9AD107832561A6A500A3CEA6 /* Build configuration list for PBXProject "GoBobby" */ = {
			isa = XCConfigurationList;
			buildConfigurations = (
				9AD107B12561A6A700A3CEA6 /* Debug */,
				9AD107B22561A6A700A3CEA6 /* Release */,
			);
			defaultConfigurationIsVisible = 0;
			defaultConfigurationName = Release;
		};
		9AD107B32561A6A700A3CEA6 /* Build configuration list for PBXNativeTarget "GoBobby" */ = {
			isa = XCConfigurationList;
			buildConfigurations = (
				9AD107B42561A6A700A3CEA6 /* Debug */,
				9AD107B52561A6A700A3CEA6 /* Release */,
			);
			defaultConfigurationIsVisible = 0;
			defaultConfigurationName = Release;
		};
		9AD107B62561A6A700A3CEA6 /* Build configuration list for PBXNativeTarget "GoBobbyTests" */ = {
			isa = XCConfigurationList;
			buildConfigurations = (
				9AD107B72561A6A700A3CEA6 /* Debug */,
				9AD107B82561A6A700A3CEA6 /* Release */,
			);
			defaultConfigurationIsVisible = 0;
			defaultConfigurationName = Release;
		};
		9AD107B92561A6A700A3CEA6 /* Build configuration list for PBXNativeTarget "GoBobbyUITests" */ = {
			isa = XCConfigurationList;
			buildConfigurations = (
				9AD107BA2561A6A700A3CEA6 /* Debug */,
				9AD107BB2561A6A700A3CEA6 /* Release */,
			);
			defaultConfigurationIsVisible = 0;
			defaultConfigurationName = Release;
		};
/* End XCConfigurationList section */
	};
	rootObject = 9AD107802561A6A500A3CEA6 /* Project object */;
}
